
Microsoft Visual Studio Solution File, Format Version 12.00
# Visual Studio 14
VisualStudioVersion = 14.0.23107.0
MinimumVisualStudioVersion = 10.0.40219.1
Project("{FAE04EC0-301F-11D3-BF4B-00C04F79EFBC}") = "webServicesDemo", "webServicesDemo\webServicesDemo.csproj", "{57C98E9A-D6D1-404D-8260-998E1BDAB15D}"
EndProject
Project("{FAE04EC0-301F-11D3-BF4B-00C04F79EFBC}") = "calculatorClient", "calculatorClient\calculatorClient.csproj", "{1740AB34-8F6F-4DBF-BD35-3586E06D3E29}"
	ProjectSection(ProjectDependencies) = postProject
		{57C98E9A-D6D1-404D-8260-998E1BDAB15D} = {57C98E9A-D6D1-404D-8260-998E1BDAB15D}
	EndProjectSection
EndProject
Global
	GlobalSection(SolutionConfigurationPlatforms) = preSolution
		Debug|Any CPU = Debug|Any CPU
		Release|Any CPU = Release|Any CPU
	EndGlobalSection
	GlobalSection(ProjectConfigurationPlatforms) = postSolution
		{57C98E9A-D6D1-404D-8260-998E1BDAB15D}.Debug|Any CPU.ActiveCfg = Debug|Any CPU
		{57C98E9A-D6D1-404D-8260-998E1BDAB15D}.Debug|Any CPU.Build.0 = Debug|Any CPU
		{57C98E9A-D6D1-404D-8260-998E1BDAB15D}.Release|Any CPU.ActiveCfg = Release|Any CPU
		{57C98E9A-D6D1-404D-8260-998E1BDAB15D}.Release|Any CPU.Build.0 = Release|Any CPU
		{1740AB34-8F6F-4DBF-BD35-3586E06D3E29}.Debug|Any CPU.ActiveCfg = Debug|Any CPU
		{1740AB34-8F6F-4DBF-BD35-3586E06D3E29}.Debug|Any CPU.Build.0 = Debug|Any CPU
		{1740AB34-8F6F-4DBF-BD35-3586E06D3E29}.Release|Any CPU.ActiveCfg = Release|Any CPU
		{1740AB34-8F6F-4DBF-BD35-3586E06D3E29}.Release|Any CPU.Build.0 = Release|Any CPU
	EndGlobalSection
	GlobalSection(SolutionProperties) = preSolution
		HideSolutionNode = FALSE
	EndGlobalSection
EndGlobal
